
Microsoft Visual Studio Solution File, Format Version 12.00
# Visual Studio Version 17
VisualStudioVersion = 17.3.32901.215
MinimumVisualStudioVersion = 10.0.40219.1
Project("{FAE04EC0-301F-11D3-BF4B-00C04F79EFBC}") = "PointOfSaleSystem.Web", "PointOfSaleSystem.Web\PointOfSaleSystem.Web.csproj", "{A7EAE021-F5FF-4A41-BA59-FEB879FB4F01}"
EndProject
Global
	GlobalSection(SolutionConfigurationPlatforms) = preSolution
		Debug|Any CPU = Debug|Any CPU
		Release|Any CPU = Release|Any CPU
	EndGlobalSection
	GlobalSection(ProjectConfigurationPlatforms) = postSolution
		{A7EAE021-F5FF-4A41-BA59-FEB879FB4F01}.Debug|Any CPU.ActiveCfg = Debug|Any CPU
		{A7EAE021-F5FF-4A41-BA59-FEB879FB4F01}.Debug|Any CPU.Build.0 = Debug|Any CPU
		{A7EAE021-F5FF-4A41-BA59-FEB879FB4F01}.Release|Any CPU.ActiveCfg = Release|Any CPU
		{A7EAE021-F5FF-4A41-BA59-FEB879FB4F01}.Release|Any CPU.Build.0 = Release|Any CPU
	EndGlobalSection
	GlobalSection(SolutionProperties) = preSolution
		HideSolutionNode = FALSE
	EndGlobalSection
	GlobalSection(ExtensibilityGlobals) = postSolution
		SolutionGuid = {E6AF8B31-50AA-4BC8-9A10-FAA25ADC3CD9}
	EndGlobalSection
EndGlobal
